
Microsoft Visual Studio Solution File, Format Version 12.00
# Visual Studio 15
Project("{FAE04EC0-301F-11D3-BF4B-00C04F79EFBC}") = "Assembly-CSharp", "Assembly-CSharp.csproj", "{640478A5-425B-5B2D-14B3-5B1E080006E3}"
EndProject
Global
	GlobalSection(SolutionConfigurationPlatforms) = preSolution
		Debug|Any CPU = Debug|Any CPU
		Release|Any CPU = Release|Any CPU
	EndGlobalSection
	GlobalSection(ProjectConfigurationPlatforms) = postSolution
		{640478A5-425B-5B2D-14B3-5B1E080006E3}.Debug|Any CPU.ActiveCfg = Debug|Any CPU
		{640478A5-425B-5B2D-14B3-5B1E080006E3}.Debug|Any CPU.Build.0 = Debug|Any CPU
		{640478A5-425B-5B2D-14B3-5B1E080006E3}.Release|Any CPU.ActiveCfg = Release|Any CPU
		{640478A5-425B-5B2D-14B3-5B1E080006E3}.Release|Any CPU.Build.0 = Release|Any CPU
	EndGlobalSection
	GlobalSection(SolutionProperties) = preSolution
		HideSolutionNode = FALSE
	EndGlobalSection
EndGlobal
